// !$*UTF8*$!
{
	archiveVersion = 1;
	classes = {
	};
	objectVersion = 46;
	objects = {

/* Begin PBXBuildFile section */
		750CD1EF1F2B32B400D9FAD2 /* main.m in Sources */ = {isa = PBXBuildFile; fileRef = 750CD1EE1F2B32B400D9FAD2 /* main.m */; };
		750CD1F21F2B32B400D9FAD2 /* AppDelegate.m in Sources */ = {isa = PBXBuildFile; fileRef = 750CD1F11F2B32B400D9FAD2 /* AppDelegate.m */; };
		750CD1F51F2B32B400D9FAD2 /* ViewController.m in Sources */ = {isa = PBXBuildFile; fileRef = 750CD1F41F2B32B400D9FAD2 /* ViewController.m */; };
		750CD1F81F2B32B400D9FAD2 /* Main.storyboard in Resources */ = {isa = PBXBuildFile; fileRef = 750CD1F61F2B32B400D9FAD2 /* Main.storyboard */; };
		750CD1FA1F2B32B400D9FAD2 /* Assets.xcassets in Resources */ = {isa = PBXBuildFile; fileRef = 750CD1F91F2B32B400D9FAD2 /* Assets.xcassets */; };
		750CD1FD1F2B32B400D9FAD2 /* LaunchScreen.storyboard in Resources */ = {isa = PBXBuildFile; fileRef = 750CD1FB1F2B32B400D9FAD2 /* LaunchScreen.storyboard */; };
/* End PBXBuildFile section */

/* Begin PBXFileReference section */
		750CD1EA1F2B32B400D9FAD2 /* Pointers-OBJC.app */ = {isa = PBXFileReference; explicitFileType = wrapper.application; includeInIndex = 0; path = "Pointers-OBJC.app"; sourceTree = BUILT_PRODUCTS_DIR; };
		750CD1EE1F2B32B400D9FAD2 /* main.m */ = {isa = PBXFileReference; lastKnownFileType = sourcecode.c.objc; path = main.m; sourceTree = "<group>"; };
		750CD1F01F2B32B400D9FAD2 /* AppDelegate.h */ = {isa = PBXFileReference; lastKnownFileType = sourcecode.c.h; path = AppDelegate.h; sourceTree = "<group>"; };
		750CD1F11F2B32B400D9FAD2 /* AppDelegate.m */ = {isa = PBXFileReference; lastKnownFileType = sourcecode.c.objc; path = AppDelegate.m; sourceTree = "<group>"; };
		750CD1F31F2B32B400D9FAD2 /* ViewController.h */ = {isa = PBXFileReference; lastKnownFileType = sourcecode.c.h; path = ViewController.h; sourceTree = "<group>"; };
		750CD1F41F2B32B400D9FAD2 /* ViewController.m */ = {isa = PBXFileReference; lastKnownFileType = sourcecode.c.objc; path = ViewController.m; sourceTree = "<group>"; };
		750CD1F71F2B32B400D9FAD2 /* Base */ = {isa = PBXFileReference; lastKnownFileType = file.storyboard; name = Base; path = Base.lproj/Main.storyboard; sourceTree = "<group>"; };
		750CD1F91F2B32B400D9FAD2 /* Assets.xcassets */ = {isa = PBXFileReference; lastKnownFileType = folder.assetcatalog; path = Assets.xcassets; sourceTree = "<group>"; };
		750CD1FC1F2B32B400D9FAD2 /* Base */ = {isa = PBXFileReference; lastKnownFileType = file.storyboard; name = Base; path = Base.lproj/LaunchScreen.storyboard; sourceTree = "<group>"; };
		750CD1FE1F2B32B400D9FAD2 /* Info.plist */ = {isa = PBXFileReference; lastKnownFileType = text.plist.xml; path = Info.plist; sourceTree = "<group>"; };
/* End PBXFileReference section */

/* Begin PBXFrameworksBuildPhase section */
		750CD1E71F2B32B400D9FAD2 /* Frameworks */ = {
			isa = PBXFrameworksBuildPhase;
			buildActionMask = 2147483647;
			files = (
			);
			runOnlyForDeploymentPostprocessing = 0;
		};
/* End PBXFrameworksBuildPhase section */

/* Begin PBXGroup section */
		750CD1E11F2B32B400D9FAD2 = {
			isa = PBXGroup;
			children = (
				750CD1EC1F2B32B400D9FAD2 /* Pointers-OBJC */,
				750CD1EB1F2B32B400D9FAD2 /* Products */,
			);
			sourceTree = "<group>";
		};
		750CD1EB1F2B32B400D9FAD2 /* Products */ = {
			isa = PBXGroup;
			children = (
				750CD1EA1F2B32B400D9FAD2 /* Pointers-OBJC.app */,
			);
			name = Products;
			sourceTree = "<group>";
		};
		750CD1EC1F2B32B400D9FAD2 /* Pointers-OBJC */ = {
			isa = PBXGroup;
			children = (
				750CD1F01F2B32B400D9FAD2 /* AppDelegate.h */,
				750CD1F11F2B32B400D9FAD2 /* AppDelegate.m */,
				750CD1F31F2B32B400D9FAD2 /* ViewController.h */,
				750CD1F41F2B32B400D9FAD2 /* ViewController.m */,
				750CD1F61F2B32B400D9FAD2 /* Main.storyboard */,
				750CD1F91F2B32B400D9FAD2 /* Assets.xcassets */,
				750CD1FB1F2B32B400D9FAD2 /* LaunchScreen.storyboard */,
				750CD1FE1F2B32B400D9FAD2 /* Info.plist */,
				750CD1ED1F2B32B400D9FAD2 /* Supporting Files */,
			);
			path = "Pointers-OBJC";
			sourceTree = "<group>";
		};
		750CD1ED1F2B32B400D9FAD2 /* Supporting Files */ = {
			isa = PBXGroup;
			children = (
				750CD1EE1F2B32B400D9FAD2 /* main.m */,
			);
			name = "Supporting Files";
			sourceTree = "<group>";
		};
/* End PBXGroup section */

/* Begin PBXNativeTarget section */
		750CD1E91F2B32B400D9FAD2 /* Pointers-OBJC */ = {
			isa = PBXNativeTarget;
			buildConfigurationList = 750CD2011F2B32B400D9FAD2 /* Build configuration list for PBXNativeTarget "Pointers-OBJC" */;
			buildPhases = (
				750CD1E61F2B32B400D9FAD2 /* Sources */,
				750CD1E71F2B32B400D9FAD2 /* Frameworks */,
				750CD1E81F2B32B400D9FAD2 /* Resources */,
			);
			buildRules = (
			);
			dependencies = (
			);
			name = "Pointers-OBJC";
			productName = "Pointers-OBJC";
			productReference = 750CD1EA1F2B32B400D9FAD2 /* Pointers-OBJC.app */;
			productType = "com.apple.product-type.application";
		};
/* End PBXNativeTarget section */

/* Begin PBXProject section */
		750CD1E21F2B32B400D9FAD2 /* Project object */ = {
			isa = PBXProject;
			attributes = {
				LastUpgradeCheck = 0830;
				ORGANIZATIONNAME = "Settar Hummetli";
				TargetAttributes = {
					750CD1E91F2B32B400D9FAD2 = {
						CreatedOnToolsVersion = 8.3.3;
						DevelopmentTeam = AJ4LU8WZ2B;
						ProvisioningStyle = Automatic;
					};
				};
			};
			buildConfigurationList = 750CD1E51F2B32B400D9FAD2 /* Build configuration list for PBXProject "Pointers-OBJC" */;
			compatibilityVersion = "Xcode 3.2";
			developmentRegion = English;
			hasScannedForEncodings = 0;
			knownRegions = (
				en,
				Base,
			);
			mainGroup = 750CD1E11F2B32B400D9FAD2;
			productRefGroup = 750CD1EB1F2B32B400D9FAD2 /* Products */;
			projectDirPath = "";
			projectRoot = "";
			targets = (
				750CD1E91F2B32B400D9FAD2 /* Pointers-OBJC */,
			);
		};
/* End PBXProject section */

/* Begin PBXResourcesBuildPhase section */
		750CD1E81F2B32B400D9FAD2 /* Resources */ = {
			isa = PBXResourcesBuildPhase;
			buildActionMask = 2147483647;
			files = (
				750CD1FD1F2B32B400D9FAD2 /* LaunchScreen.storyboard in Resources */,
				750CD1FA1F2B32B400D9FAD2 /* Assets.xcassets in Resources */,
				750CD1F81F2B32B400D9FAD2 /* Main.storyboard in Resources */,
			);
			runOnlyForDeploymentPostprocessing = 0;
		};
/* End PBXResourcesBuildPhase section */

/* Begin PBXSourcesBuildPhase section */
		750CD1E61F2B32B400D9FAD2 /* Sources */ = {
			isa = PBXSourcesBuildPhase;
			buildActionMask = 2147483647;
			files = (
				750CD1F51F2B32B400D9FAD2 /* ViewController.m in Sources */,
				750CD1F21F2B32B400D9FAD2 /* AppDelegate.m in Sources */,
				750CD1EF1F2B32B400D9FAD2 /* main.m in Sources */,
			);
			runOnlyForDeploymentPostprocessing = 0;
		};
/* End PBXSourcesBuildPhase section */

/* Begin PBXVariantGroup section */
		750CD1F61F2B32B400D9FAD2 /* Main.storyboard */ = {
			isa = PBXVariantGroup;
			children = (
				750CD1F71F2B32B400D9FAD2 /* Base */,
			);
			name = Main.storyboard;
			sourceTree = "<group>";
		};
		750CD1FB1F2B32B400D9FAD2 /* LaunchScreen.storyboard */ = {
			isa = PBXVariantGroup;
			children = (
				750CD1FC1F2B32B400D9FAD2 /* Base */,
			);
			name = LaunchScreen.storyboard;
			sourceTree = "<group>";
		};
/* End PBXVariantGroup section */

/* Begin XCBuildConfiguration section */
		750CD1FF1F2B32B400D9FAD2 /* Debug */ = {
			isa = XCBuildConfiguration;
			buildSettings = {
				ALWAYS_SEARCH_USER_PATHS = NO;
				CLANG_ANALYZER_NONNULL = YES;
				CLANG_ANALYZER_NUMBER_OBJECT_CONVERSION = YES_AGGRESSIVE;
				CLANG_CXX_LANGUAGE_STANDARD = "gnu++0x";
				CLANG_CXX_LIBRARY = "libc++";
				CLANG_ENABLE_MODULES = YES;
				CLANG_ENABLE_OBJC_ARC = YES;
				CLANG_WARN_BOOL_CONVERSION = YES;
				CLANG_WARN_CONSTANT_CONVERSION = YES;
				CLANG_WARN_DIRECT_OBJC_ISA_USAGE = YES_ERROR;
				CLANG_WARN_DOCUMENTATION_COMMENTS = YES;
				CLANG_WARN_EMPTY_BODY = YES;
				CLANG_WARN_ENUM_CONVERSION = YES;
				CLANG_WARN_INFINITE_RECURSION = YES;
				CLANG_WARN_INT_CONVERSION = YES;
				CLANG_WARN_OBJC_ROOT_CLASS = YES_ERROR;
				CLANG_WARN_SUSPICIOUS_MOVE = YES;
				CLANG_WARN_UNREACHABLE_CODE = YES;
				CLANG_WARN__DUPLICATE_METHOD_MATCH = YES;
				"CODE_SIGN_IDENTITY[sdk=iphoneos*]" = "iPhone Developer";
				COPY_PHASE_STRIP = NO;
				DEBUG_INFORMATION_FORMAT = dwarf;
				ENABLE_STRICT_OBJC_MSGSEND = YES;
				ENABLE_TESTABILITY = YES;
				GCC_C_LANGUAGE_STANDARD = gnu99;
				GCC_DYNAMIC_NO_PIC = NO;
				GCC_NO_COMMON_BLOCKS = YES;
				GCC_OPTIMIZATION_LEVEL = 0;
				GCC_PREPROCESSOR_DEFINITIONS = (
					"DEBUG=1",
					"$(inherited)",
				);
				GCC_WARN_64_TO_32_BIT_CONVERSION = YES;
				GCC_WARN_ABOUT_RETURN_TYPE = YES_ERROR;
				GCC_WARN_UNDECLARED_SELECTOR = YES;
				GCC_WARN_UNINITIALIZED_AUTOS = YES_AGGRESSIVE;
				GCC_WARN_UNUSED_FUNCTION = YES;
				GCC_WARN_UNUSED_VARIABLE = YES;
				IPHONEOS_DEPLOYMENT_TARGET = 10.3;
				MTL_ENABLE_DEBUG_INFO = YES;
				ONLY_ACTIVE_ARCH = YES;
				SDKROOT = iphoneos;
				TARGETED_DEVICE_FAMILY = "1,2";
			};
			name = Debug;
		};
		750CD2001F2B32B400D9FAD2 /* Release */ = {
			isa = XCBuildConfiguration;
			buildSettings = {
				ALWAYS_SEARCH_USER_PATHS = NO;
				CLANG_ANALYZER_NONNULL = YES;
				CLANG_ANALYZER_NUMBER_OBJECT_CONVERSION = YES_AGGRESSIVE;
				CLANG_CXX_LANGUAGE_STANDARD = "gnu++0x";
				CLANG_CXX_LIBRARY = "libc++";
				CLANG_ENABLE_MODULES = YES;
				CLANG_ENABLE_OBJC_ARC = YES;
				CLANG_WARN_BOOL_CONVERSION = YES;
				CLANG_WARN_CONSTANT_CONVERSION = YES;
				CLANG_WARN_DIRECT_OBJC_ISA_USAGE = YES_ERROR;
				CLANG_WARN_DOCUMENTATION_COMMENTS = YES;
				CLANG_WARN_EMPTY_BODY = YES;
				CLANG_WARN_ENUM_CONVERSION = YES;
				CLANG_WARN_INFINITE_RECURSION = YES;
				CLANG_WARN_INT_CONVERSION = YES;
				CLANG_WARN_OBJC_ROOT_CLASS = YES_ERROR;
				CLANG_WARN_SUSPICIOUS_MOVE = YES;
				CLANG_WARN_UNREACHABLE_CODE = YES;
				CLANG_WARN__DUPLICATE_METHOD_MATCH = YES;
				"CODE_SIGN_IDENTITY[sdk=iphoneos*]" = "iPhone Developer";
				COPY_PHASE_STRIP = NO;
				DEBUG_INFORMATION_FORMAT = "dwarf-with-dsym";
				ENABLE_NS_ASSERTIONS = NO;
				ENABLE_STRICT_OBJC_MSGSEND = YES;
				GCC_C_LANGUAGE_STANDARD = gnu99;
				GCC_NO_COMMON_BLOCKS = YES;
				GCC_WARN_64_TO_32_BIT_CONVERSION = YES;
				GCC_WARN_ABOUT_RETURN_TYPE = YES_ERROR;
				GCC_WARN_UNDECLARED_SELECTOR = YES;
				GCC_WARN_UNINITIALIZED_AUTOS = YES_AGGRESSIVE;
				GCC_WARN_UNUSED_FUNCTION = YES;
				GCC_WARN_UNUSED_VARIABLE = YES;
				IPHONEOS_DEPLOYMENT_TARGET = 10.3;
				MTL_ENABLE_DEBUG_INFO = NO;
				SDKROOT = iphoneos;
				TARGETED_DEVICE_FAMILY = "1,2";
				VALIDATE_PRODUCT = YES;
			};
			name = Release;
		};
		750CD2021F2B32B400D9FAD2 /* Debug */ = {
			isa = XCBuildConfiguration;
			buildSettings = {
				ASSETCATALOG_COMPILER_APPICON_NAME = AppIcon;
				DEVELOPMENT_TEAM = AJ4LU8WZ2B;
				INFOPLIST_FILE = "Pointers-OBJC/Info.plist";
				LD_RUNPATH_SEARCH_PATHS = "$(inherited) @executable_path/Frameworks";
				PRODUCT_BUNDLE_IDENTIFIER = "com.hummatli.Pointers-OBJC";
				PRODUCT_NAME = "$(TARGET_NAME)";
			};
			name = Debug;
		};
		750CD2031F2B32B400D9FAD2 /* Release */ = {
			isa = XCBuildConfiguration;
			buildSettings = {
				ASSETCATALOG_COMPILER_APPICON_NAME = AppIcon;
				DEVELOPMENT_TEAM = AJ4LU8WZ2B;
				INFOPLIST_FILE = "Pointers-OBJC/Info.plist";
				LD_RUNPATH_SEARCH_PATHS = "$(inherited) @executable_path/Frameworks";
				PRODUCT_BUNDLE_IDENTIFIER = "com.hummatli.Pointers-OBJC";
				PRODUCT_NAME = "$(TARGET_NAME)";
			};
			name = Release;
		};
/* End XCBuildConfiguration section */

/* Begin XCConfigurationList section */
		750CD1E51F2B32B400D9FAD2 /* Build configuration list for PBXProject "Pointers-OBJC" */ = {
			isa = XCConfigurationList;
			buildConfigurations = (
				750CD1FF1F2B32B400D9FAD2 /* Debug */,
				750CD2001F2B32B400D9FAD2 /* Release */,
			);
			defaultConfigurationIsVisible = 0;
			defaultConfigurationName = Release;
		};
		750CD2011F2B32B400D9FAD2 /* Build configuration list for PBXNativeTarget "Pointers-OBJC" */ = {
			isa = XCConfigurationList;
			buildConfigurations = (
				750CD2021F2B32B400D9FAD2 /* Debug */,
				750CD2031F2B32B400D9FAD2 /* Release */,
			);
			defaultConfigurationIsVisible = 0;
		};
/* End XCConfigurationList section */
	};
	rootObject = 750CD1E21F2B32B400D9FAD2 /* Project object */;
}
