// !$*UTF8*$!
{
	archiveVersion = 1;
	classes = {
	};
	objectVersion = 46;
	objects = {

/* Begin PBXBuildFile section */
		75C882F31F2B7B6700650D53 /* main.m in Sources */ = {isa = PBXBuildFile; fileRef = 75C882F21F2B7B6700650D53 /* main.m */; };
		75C882F61F2B7B6700650D53 /* AppDelegate.m in Sources */ = {isa = PBXBuildFile; fileRef = 75C882F51F2B7B6700650D53 /* AppDelegate.m */; };
		75C882F91F2B7B6700650D53 /* ViewController.m in Sources */ = {isa = PBXBuildFile; fileRef = 75C882F81F2B7B6700650D53 /* ViewController.m */; };
		75C882FC1F2B7B6700650D53 /* Main.storyboard in Resources */ = {isa = PBXBuildFile; fileRef = 75C882FA1F2B7B6700650D53 /* Main.storyboard */; };
		75C882FE1F2B7B6700650D53 /* Assets.xcassets in Resources */ = {isa = PBXBuildFile; fileRef = 75C882FD1F2B7B6700650D53 /* Assets.xcassets */; };
		75C883011F2B7B6700650D53 /* LaunchScreen.storyboard in Resources */ = {isa = PBXBuildFile; fileRef = 75C882FF1F2B7B6700650D53 /* LaunchScreen.storyboard */; };
		75DCAC071F2C4A5A006B28DA /* Person.m in Sources */ = {isa = PBXBuildFile; fileRef = 75DCAC061F2C4A5A006B28DA /* Person.m */; };
/* End PBXBuildFile section */

/* Begin PBXFileReference section */
		75C882EE1F2B7B6700650D53 /* Methods&Functions-OBJC.app */ = {isa = PBXFileReference; explicitFileType = wrapper.application; includeInIndex = 0; path = "Methods&Functions-OBJC.app"; sourceTree = BUILT_PRODUCTS_DIR; };
		75C882F21F2B7B6700650D53 /* main.m */ = {isa = PBXFileReference; lastKnownFileType = sourcecode.c.objc; path = main.m; sourceTree = "<group>"; };
		75C882F41F2B7B6700650D53 /* AppDelegate.h */ = {isa = PBXFileReference; lastKnownFileType = sourcecode.c.h; path = AppDelegate.h; sourceTree = "<group>"; };
		75C882F51F2B7B6700650D53 /* AppDelegate.m */ = {isa = PBXFileReference; lastKnownFileType = sourcecode.c.objc; path = AppDelegate.m; sourceTree = "<group>"; };
		75C882F71F2B7B6700650D53 /* ViewController.h */ = {isa = PBXFileReference; lastKnownFileType = sourcecode.c.h; path = ViewController.h; sourceTree = "<group>"; };
		75C882F81F2B7B6700650D53 /* ViewController.m */ = {isa = PBXFileReference; lastKnownFileType = sourcecode.c.objc; path = ViewController.m; sourceTree = "<group>"; };
		75C882FB1F2B7B6700650D53 /* Base */ = {isa = PBXFileReference; lastKnownFileType = file.storyboard; name = Base; path = Base.lproj/Main.storyboard; sourceTree = "<group>"; };
		75C882FD1F2B7B6700650D53 /* Assets.xcassets */ = {isa = PBXFileReference; lastKnownFileType = folder.assetcatalog; path = Assets.xcassets; sourceTree = "<group>"; };
		75C883001F2B7B6700650D53 /* Base */ = {isa = PBXFileReference; lastKnownFileType = file.storyboard; name = Base; path = Base.lproj/LaunchScreen.storyboard; sourceTree = "<group>"; };
		75C883021F2B7B6700650D53 /* Info.plist */ = {isa = PBXFileReference; lastKnownFileType = text.plist.xml; path = Info.plist; sourceTree = "<group>"; };
		75DCAC051F2C4A5A006B28DA /* Person.h */ = {isa = PBXFileReference; fileEncoding = 4; lastKnownFileType = sourcecode.c.h; path = Person.h; sourceTree = "<group>"; };
		75DCAC061F2C4A5A006B28DA /* Person.m */ = {isa = PBXFileReference; fileEncoding = 4; lastKnownFileType = sourcecode.c.objc; path = Person.m; sourceTree = "<group>"; };
/* End PBXFileReference section */

/* Begin PBXFrameworksBuildPhase section */
		75C882EB1F2B7B6700650D53 /* Frameworks */ = {
			isa = PBXFrameworksBuildPhase;
			buildActionMask = 2147483647;
			files = (
			);
			runOnlyForDeploymentPostprocessing = 0;
		};
/* End PBXFrameworksBuildPhase section */

/* Begin PBXGroup section */
		75C882E51F2B7B6700650D53 = {
			isa = PBXGroup;
			children = (
				75C882F01F2B7B6700650D53 /* Methods&Functions-OBJC */,
				75C882EF1F2B7B6700650D53 /* Products */,
			);
			sourceTree = "<group>";
		};
		75C882EF1F2B7B6700650D53 /* Products */ = {
			isa = PBXGroup;
			children = (
				75C882EE1F2B7B6700650D53 /* Methods&Functions-OBJC.app */,
			);
			name = Products;
			sourceTree = "<group>";
		};
		75C882F01F2B7B6700650D53 /* Methods&Functions-OBJC */ = {
			isa = PBXGroup;
			children = (
				75C882F41F2B7B6700650D53 /* AppDelegate.h */,
				75C882F51F2B7B6700650D53 /* AppDelegate.m */,
				75C882F71F2B7B6700650D53 /* ViewController.h */,
				75C882F81F2B7B6700650D53 /* ViewController.m */,
				75C882FA1F2B7B6700650D53 /* Main.storyboard */,
				75C882FD1F2B7B6700650D53 /* Assets.xcassets */,
				75C882FF1F2B7B6700650D53 /* LaunchScreen.storyboard */,
				75C883021F2B7B6700650D53 /* Info.plist */,
				75C882F11F2B7B6700650D53 /* Supporting Files */,
				75DCAC051F2C4A5A006B28DA /* Person.h */,
				75DCAC061F2C4A5A006B28DA /* Person.m */,
			);
			path = "Methods&Functions-OBJC";
			sourceTree = "<group>";
		};
		75C882F11F2B7B6700650D53 /* Supporting Files */ = {
			isa = PBXGroup;
			children = (
				75C882F21F2B7B6700650D53 /* main.m */,
			);
			name = "Supporting Files";
			sourceTree = "<group>";
		};
/* End PBXGroup section */

/* Begin PBXNativeTarget section */
		75C882ED1F2B7B6700650D53 /* Methods&Functions-OBJC */ = {
			isa = PBXNativeTarget;
			buildConfigurationList = 75C883051F2B7B6700650D53 /* Build configuration list for PBXNativeTarget "Methods&Functions-OBJC" */;
			buildPhases = (
				75C882EA1F2B7B6700650D53 /* Sources */,
				75C882EB1F2B7B6700650D53 /* Frameworks */,
				75C882EC1F2B7B6700650D53 /* Resources */,
			);
			buildRules = (
			);
			dependencies = (
			);
			name = "Methods&Functions-OBJC";
			productName = "Methods&Functions-OBJC";
			productReference = 75C882EE1F2B7B6700650D53 /* Methods&Functions-OBJC.app */;
			productType = "com.apple.product-type.application";
		};
/* End PBXNativeTarget section */

/* Begin PBXProject section */
		75C882E61F2B7B6700650D53 /* Project object */ = {
			isa = PBXProject;
			attributes = {
				LastUpgradeCheck = 0830;
				ORGANIZATIONNAME = "Settar Hummetli";
				TargetAttributes = {
					75C882ED1F2B7B6700650D53 = {
						CreatedOnToolsVersion = 8.3.3;
						DevelopmentTeam = AJ4LU8WZ2B;
						ProvisioningStyle = Automatic;
					};
				};
			};
			buildConfigurationList = 75C882E91F2B7B6700650D53 /* Build configuration list for PBXProject "Methods&Functions-OBJC" */;
			compatibilityVersion = "Xcode 3.2";
			developmentRegion = English;
			hasScannedForEncodings = 0;
			knownRegions = (
				en,
				Base,
			);
			mainGroup = 75C882E51F2B7B6700650D53;
			productRefGroup = 75C882EF1F2B7B6700650D53 /* Products */;
			projectDirPath = "";
			projectRoot = "";
			targets = (
				75C882ED1F2B7B6700650D53 /* Methods&Functions-OBJC */,
			);
		};
/* End PBXProject section */

/* Begin PBXResourcesBuildPhase section */
		75C882EC1F2B7B6700650D53 /* Resources */ = {
			isa = PBXResourcesBuildPhase;
			buildActionMask = 2147483647;
			files = (
				75C883011F2B7B6700650D53 /* LaunchScreen.storyboard in Resources */,
				75C882FE1F2B7B6700650D53 /* Assets.xcassets in Resources */,
				75C882FC1F2B7B6700650D53 /* Main.storyboard in Resources */,
			);
			runOnlyForDeploymentPostprocessing = 0;
		};
/* End PBXResourcesBuildPhase section */

/* Begin PBXSourcesBuildPhase section */
		75C882EA1F2B7B6700650D53 /* Sources */ = {
			isa = PBXSourcesBuildPhase;
			buildActionMask = 2147483647;
			files = (
				75C882F91F2B7B6700650D53 /* ViewController.m in Sources */,
				75C882F61F2B7B6700650D53 /* AppDelegate.m in Sources */,
				75DCAC071F2C4A5A006B28DA /* Person.m in Sources */,
				75C882F31F2B7B6700650D53 /* main.m in Sources */,
			);
			runOnlyForDeploymentPostprocessing = 0;
		};
/* End PBXSourcesBuildPhase section */

/* Begin PBXVariantGroup section */
		75C882FA1F2B7B6700650D53 /* Main.storyboard */ = {
			isa = PBXVariantGroup;
			children = (
				75C882FB1F2B7B6700650D53 /* Base */,
			);
			name = Main.storyboard;
			sourceTree = "<group>";
		};
		75C882FF1F2B7B6700650D53 /* LaunchScreen.storyboard */ = {
			isa = PBXVariantGroup;
			children = (
				75C883001F2B7B6700650D53 /* Base */,
			);
			name = LaunchScreen.storyboard;
			sourceTree = "<group>";
		};
/* End PBXVariantGroup section */

/* Begin XCBuildConfiguration section */
		75C883031F2B7B6700650D53 /* Debug */ = {
			isa = XCBuildConfiguration;
			buildSettings = {
				ALWAYS_SEARCH_USER_PATHS = NO;
				CLANG_ANALYZER_NONNULL = YES;
				CLANG_ANALYZER_NUMBER_OBJECT_CONVERSION = YES_AGGRESSIVE;
				CLANG_CXX_LANGUAGE_STANDARD = "gnu++0x";
				CLANG_CXX_LIBRARY = "libc++";
				CLANG_ENABLE_MODULES = YES;
				CLANG_ENABLE_OBJC_ARC = YES;
				CLANG_WARN_BOOL_CONVERSION = YES;
				CLANG_WARN_CONSTANT_CONVERSION = YES;
				CLANG_WARN_DIRECT_OBJC_ISA_USAGE = YES_ERROR;
				CLANG_WARN_DOCUMENTATION_COMMENTS = YES;
				CLANG_WARN_EMPTY_BODY = YES;
				CLANG_WARN_ENUM_CONVERSION = YES;
				CLANG_WARN_INFINITE_RECURSION = YES;
				CLANG_WARN_INT_CONVERSION = YES;
				CLANG_WARN_OBJC_ROOT_CLASS = YES_ERROR;
				CLANG_WARN_SUSPICIOUS_MOVE = YES;
				CLANG_WARN_UNREACHABLE_CODE = YES;
				CLANG_WARN__DUPLICATE_METHOD_MATCH = YES;
				"CODE_SIGN_IDENTITY[sdk=iphoneos*]" = "iPhone Developer";
				COPY_PHASE_STRIP = NO;
				DEBUG_INFORMATION_FORMAT = dwarf;
				ENABLE_STRICT_OBJC_MSGSEND = YES;
				ENABLE_TESTABILITY = YES;
				GCC_C_LANGUAGE_STANDARD = gnu99;
				GCC_DYNAMIC_NO_PIC = NO;
				GCC_NO_COMMON_BLOCKS = YES;
				GCC_OPTIMIZATION_LEVEL = 0;
				GCC_PREPROCESSOR_DEFINITIONS = (
					"DEBUG=1",
					"$(inherited)",
				);
				GCC_WARN_64_TO_32_BIT_CONVERSION = YES;
				GCC_WARN_ABOUT_RETURN_TYPE = YES_ERROR;
				GCC_WARN_UNDECLARED_SELECTOR = YES;
				GCC_WARN_UNINITIALIZED_AUTOS = YES_AGGRESSIVE;
				GCC_WARN_UNUSED_FUNCTION = YES;
				GCC_WARN_UNUSED_VARIABLE = YES;
				IPHONEOS_DEPLOYMENT_TARGET = 10.3;
				MTL_ENABLE_DEBUG_INFO = YES;
				ONLY_ACTIVE_ARCH = YES;
				SDKROOT = iphoneos;
				TARGETED_DEVICE_FAMILY = "1,2";
			};
			name = Debug;
		};
		75C883041F2B7B6700650D53 /* Release */ = {
			isa = XCBuildConfiguration;
			buildSettings = {
				ALWAYS_SEARCH_USER_PATHS = NO;
				CLANG_ANALYZER_NONNULL = YES;
				CLANG_ANALYZER_NUMBER_OBJECT_CONVERSION = YES_AGGRESSIVE;
				CLANG_CXX_LANGUAGE_STANDARD = "gnu++0x";
				CLANG_CXX_LIBRARY = "libc++";
				CLANG_ENABLE_MODULES = YES;
				CLANG_ENABLE_OBJC_ARC = YES;
				CLANG_WARN_BOOL_CONVERSION = YES;
				CLANG_WARN_CONSTANT_CONVERSION = YES;
				CLANG_WARN_DIRECT_OBJC_ISA_USAGE = YES_ERROR;
				CLANG_WARN_DOCUMENTATION_COMMENTS = YES;
				CLANG_WARN_EMPTY_BODY = YES;
				CLANG_WARN_ENUM_CONVERSION = YES;
				CLANG_WARN_INFINITE_RECURSION = YES;
				CLANG_WARN_INT_CONVERSION = YES;
				CLANG_WARN_OBJC_ROOT_CLASS = YES_ERROR;
				CLANG_WARN_SUSPICIOUS_MOVE = YES;
				CLANG_WARN_UNREACHABLE_CODE = YES;
				CLANG_WARN__DUPLICATE_METHOD_MATCH = YES;
				"CODE_SIGN_IDENTITY[sdk=iphoneos*]" = "iPhone Developer";
				COPY_PHASE_STRIP = NO;
				DEBUG_INFORMATION_FORMAT = "dwarf-with-dsym";
				ENABLE_NS_ASSERTIONS = NO;
				ENABLE_STRICT_OBJC_MSGSEND = YES;
				GCC_C_LANGUAGE_STANDARD = gnu99;
				GCC_NO_COMMON_BLOCKS = YES;
				GCC_WARN_64_TO_32_BIT_CONVERSION = YES;
				GCC_WARN_ABOUT_RETURN_TYPE = YES_ERROR;
				GCC_WARN_UNDECLARED_SELECTOR = YES;
				GCC_WARN_UNINITIALIZED_AUTOS = YES_AGGRESSIVE;
				GCC_WARN_UNUSED_FUNCTION = YES;
				GCC_WARN_UNUSED_VARIABLE = YES;
				IPHONEOS_DEPLOYMENT_TARGET = 10.3;
				MTL_ENABLE_DEBUG_INFO = NO;
				SDKROOT = iphoneos;
				TARGETED_DEVICE_FAMILY = "1,2";
				VALIDATE_PRODUCT = YES;
			};
			name = Release;
		};
		75C883061F2B7B6700650D53 /* Debug */ = {
			isa = XCBuildConfiguration;
			buildSettings = {
				ASSETCATALOG_COMPILER_APPICON_NAME = AppIcon;
				DEVELOPMENT_TEAM = AJ4LU8WZ2B;
				INFOPLIST_FILE = "Methods&Functions-OBJC/Info.plist";
				LD_RUNPATH_SEARCH_PATHS = "$(inherited) @executable_path/Frameworks";
				PRODUCT_BUNDLE_IDENTIFIER = "com.hummatli.Methods-Functions-OBJC";
				PRODUCT_NAME = "$(TARGET_NAME)";
			};
			name = Debug;
		};
		75C883071F2B7B6700650D53 /* Release */ = {
			isa = XCBuildConfiguration;
			buildSettings = {
				ASSETCATALOG_COMPILER_APPICON_NAME = AppIcon;
				DEVELOPMENT_TEAM = AJ4LU8WZ2B;
				INFOPLIST_FILE = "Methods&Functions-OBJC/Info.plist";
				LD_RUNPATH_SEARCH_PATHS = "$(inherited) @executable_path/Frameworks";
				PRODUCT_BUNDLE_IDENTIFIER = "com.hummatli.Methods-Functions-OBJC";
				PRODUCT_NAME = "$(TARGET_NAME)";
			};
			name = Release;
		};
/* End XCBuildConfiguration section */

/* Begin XCConfigurationList section */
		75C882E91F2B7B6700650D53 /* Build configuration list for PBXProject "Methods&Functions-OBJC" */ = {
			isa = XCConfigurationList;
			buildConfigurations = (
				75C883031F2B7B6700650D53 /* Debug */,
				75C883041F2B7B6700650D53 /* Release */,
			);
			defaultConfigurationIsVisible = 0;
			defaultConfigurationName = Release;
		};
		75C883051F2B7B6700650D53 /* Build configuration list for PBXNativeTarget "Methods&Functions-OBJC" */ = {
			isa = XCConfigurationList;
			buildConfigurations = (
				75C883061F2B7B6700650D53 /* Debug */,
				75C883071F2B7B6700650D53 /* Release */,
			);
			defaultConfigurationIsVisible = 0;
			defaultConfigurationName = Release;
		};
/* End XCConfigurationList section */
	};
	rootObject = 75C882E61F2B7B6700650D53 /* Project object */;
}
