// !$*UTF8*$!
{
	archiveVersion = 1;
	classes = {
	};
	objectVersion = 46;
	objects = {

/* Begin PBXBuildFile section */
		751A30E41F2CA669006EC051 /* main.m in Sources */ = {isa = PBXBuildFile; fileRef = 751A30E31F2CA669006EC051 /* main.m */; };
		751A30E71F2CA669006EC051 /* AppDelegate.m in Sources */ = {isa = PBXBuildFile; fileRef = 751A30E61F2CA669006EC051 /* AppDelegate.m */; };
		751A30EA1F2CA669006EC051 /* ViewController.m in Sources */ = {isa = PBXBuildFile; fileRef = 751A30E91F2CA669006EC051 /* ViewController.m */; };
		751A30ED1F2CA669006EC051 /* Main.storyboard in Resources */ = {isa = PBXBuildFile; fileRef = 751A30EB1F2CA669006EC051 /* Main.storyboard */; };
		751A30EF1F2CA669006EC051 /* Assets.xcassets in Resources */ = {isa = PBXBuildFile; fileRef = 751A30EE1F2CA669006EC051 /* Assets.xcassets */; };
		751A30F21F2CA669006EC051 /* LaunchScreen.storyboard in Resources */ = {isa = PBXBuildFile; fileRef = 751A30F01F2CA669006EC051 /* LaunchScreen.storyboard */; };
		751A30FB1F2CA67C006EC051 /* SecondVC.swift in Sources */ = {isa = PBXBuildFile; fileRef = 751A30FA1F2CA67C006EC051 /* SecondVC.swift */; };
/* End PBXBuildFile section */

/* Begin PBXFileReference section */
		751A30DF1F2CA669006EC051 /* OBJCAndSwiftInteroperability.app */ = {isa = PBXFileReference; explicitFileType = wrapper.application; includeInIndex = 0; path = OBJCAndSwiftInteroperability.app; sourceTree = BUILT_PRODUCTS_DIR; };
		751A30E31F2CA669006EC051 /* main.m */ = {isa = PBXFileReference; lastKnownFileType = sourcecode.c.objc; path = main.m; sourceTree = "<group>"; };
		751A30E51F2CA669006EC051 /* AppDelegate.h */ = {isa = PBXFileReference; lastKnownFileType = sourcecode.c.h; path = AppDelegate.h; sourceTree = "<group>"; };
		751A30E61F2CA669006EC051 /* AppDelegate.m */ = {isa = PBXFileReference; lastKnownFileType = sourcecode.c.objc; path = AppDelegate.m; sourceTree = "<group>"; };
		751A30E81F2CA669006EC051 /* ViewController.h */ = {isa = PBXFileReference; lastKnownFileType = sourcecode.c.h; path = ViewController.h; sourceTree = "<group>"; };
		751A30E91F2CA669006EC051 /* ViewController.m */ = {isa = PBXFileReference; lastKnownFileType = sourcecode.c.objc; path = ViewController.m; sourceTree = "<group>"; };
		751A30EC1F2CA669006EC051 /* Base */ = {isa = PBXFileReference; lastKnownFileType = file.storyboard; name = Base; path = Base.lproj/Main.storyboard; sourceTree = "<group>"; };
		751A30EE1F2CA669006EC051 /* Assets.xcassets */ = {isa = PBXFileReference; lastKnownFileType = folder.assetcatalog; path = Assets.xcassets; sourceTree = "<group>"; };
		751A30F11F2CA669006EC051 /* Base */ = {isa = PBXFileReference; lastKnownFileType = file.storyboard; name = Base; path = Base.lproj/LaunchScreen.storyboard; sourceTree = "<group>"; };
		751A30F31F2CA669006EC051 /* Info.plist */ = {isa = PBXFileReference; lastKnownFileType = text.plist.xml; path = Info.plist; sourceTree = "<group>"; };
		751A30F91F2CA67C006EC051 /* OBJCAndSwiftInteroperability-Bridging-Header.h */ = {isa = PBXFileReference; lastKnownFileType = sourcecode.c.h; path = "OBJCAndSwiftInteroperability-Bridging-Header.h"; sourceTree = "<group>"; };
		751A30FA1F2CA67C006EC051 /* SecondVC.swift */ = {isa = PBXFileReference; fileEncoding = 4; lastKnownFileType = sourcecode.swift; path = SecondVC.swift; sourceTree = "<group>"; };
/* End PBXFileReference section */

/* Begin PBXFrameworksBuildPhase section */
		751A30DC1F2CA669006EC051 /* Frameworks */ = {
			isa = PBXFrameworksBuildPhase;
			buildActionMask = 2147483647;
			files = (
			);
			runOnlyForDeploymentPostprocessing = 0;
		};
/* End PBXFrameworksBuildPhase section */

/* Begin PBXGroup section */
		751A30D61F2CA669006EC051 = {
			isa = PBXGroup;
			children = (
				751A30E11F2CA669006EC051 /* OBJCAndSwiftInteroperability */,
				751A30E01F2CA669006EC051 /* Products */,
			);
			sourceTree = "<group>";
		};
		751A30E01F2CA669006EC051 /* Products */ = {
			isa = PBXGroup;
			children = (
				751A30DF1F2CA669006EC051 /* OBJCAndSwiftInteroperability.app */,
			);
			name = Products;
			sourceTree = "<group>";
		};
		751A30E11F2CA669006EC051 /* OBJCAndSwiftInteroperability */ = {
			isa = PBXGroup;
			children = (
				751A30E51F2CA669006EC051 /* AppDelegate.h */,
				751A30E61F2CA669006EC051 /* AppDelegate.m */,
				751A30E81F2CA669006EC051 /* ViewController.h */,
				751A30E91F2CA669006EC051 /* ViewController.m */,
				751A30EB1F2CA669006EC051 /* Main.storyboard */,
				751A30EE1F2CA669006EC051 /* Assets.xcassets */,
				751A30F01F2CA669006EC051 /* LaunchScreen.storyboard */,
				751A30F31F2CA669006EC051 /* Info.plist */,
				751A30E21F2CA669006EC051 /* Supporting Files */,
				751A30FA1F2CA67C006EC051 /* SecondVC.swift */,
				751A30F91F2CA67C006EC051 /* OBJCAndSwiftInteroperability-Bridging-Header.h */,
			);
			path = OBJCAndSwiftInteroperability;
			sourceTree = "<group>";
		};
		751A30E21F2CA669006EC051 /* Supporting Files */ = {
			isa = PBXGroup;
			children = (
				751A30E31F2CA669006EC051 /* main.m */,
			);
			name = "Supporting Files";
			sourceTree = "<group>";
		};
/* End PBXGroup section */

/* Begin PBXNativeTarget section */
		751A30DE1F2CA669006EC051 /* OBJCAndSwiftInteroperability */ = {
			isa = PBXNativeTarget;
			buildConfigurationList = 751A30F61F2CA669006EC051 /* Build configuration list for PBXNativeTarget "OBJCAndSwiftInteroperability" */;
			buildPhases = (
				751A30DB1F2CA669006EC051 /* Sources */,
				751A30DC1F2CA669006EC051 /* Frameworks */,
				751A30DD1F2CA669006EC051 /* Resources */,
			);
			buildRules = (
			);
			dependencies = (
			);
			name = OBJCAndSwiftInteroperability;
			productName = OBJCAndSwiftInteroperability;
			productReference = 751A30DF1F2CA669006EC051 /* OBJCAndSwiftInteroperability.app */;
			productType = "com.apple.product-type.application";
		};
/* End PBXNativeTarget section */

/* Begin PBXProject section */
		751A30D71F2CA669006EC051 /* Project object */ = {
			isa = PBXProject;
			attributes = {
				LastUpgradeCheck = 0830;
				ORGANIZATIONNAME = "Settar Hummetli";
				TargetAttributes = {
					751A30DE1F2CA669006EC051 = {
						CreatedOnToolsVersion = 8.3.3;
						DevelopmentTeam = AJ4LU8WZ2B;
						LastSwiftMigration = 0830;
						ProvisioningStyle = Automatic;
					};
				};
			};
			buildConfigurationList = 751A30DA1F2CA669006EC051 /* Build configuration list for PBXProject "OBJCAndSwiftInteroperability" */;
			compatibilityVersion = "Xcode 3.2";
			developmentRegion = English;
			hasScannedForEncodings = 0;
			knownRegions = (
				en,
				Base,
			);
			mainGroup = 751A30D61F2CA669006EC051;
			productRefGroup = 751A30E01F2CA669006EC051 /* Products */;
			projectDirPath = "";
			projectRoot = "";
			targets = (
				751A30DE1F2CA669006EC051 /* OBJCAndSwiftInteroperability */,
			);
		};
/* End PBXProject section */

/* Begin PBXResourcesBuildPhase section */
		751A30DD1F2CA669006EC051 /* Resources */ = {
			isa = PBXResourcesBuildPhase;
			buildActionMask = 2147483647;
			files = (
				751A30F21F2CA669006EC051 /* LaunchScreen.storyboard in Resources */,
				751A30EF1F2CA669006EC051 /* Assets.xcassets in Resources */,
				751A30ED1F2CA669006EC051 /* Main.storyboard in Resources */,
			);
			runOnlyForDeploymentPostprocessing = 0;
		};
/* End PBXResourcesBuildPhase section */

/* Begin PBXSourcesBuildPhase section */
		751A30DB1F2CA669006EC051 /* Sources */ = {
			isa = PBXSourcesBuildPhase;
			buildActionMask = 2147483647;
			files = (
				751A30EA1F2CA669006EC051 /* ViewController.m in Sources */,
				751A30E71F2CA669006EC051 /* AppDelegate.m in Sources */,
				751A30FB1F2CA67C006EC051 /* SecondVC.swift in Sources */,
				751A30E41F2CA669006EC051 /* main.m in Sources */,
			);
			runOnlyForDeploymentPostprocessing = 0;
		};
/* End PBXSourcesBuildPhase section */

/* Begin PBXVariantGroup section */
		751A30EB1F2CA669006EC051 /* Main.storyboard */ = {
			isa = PBXVariantGroup;
			children = (
				751A30EC1F2CA669006EC051 /* Base */,
			);
			name = Main.storyboard;
			sourceTree = "<group>";
		};
		751A30F01F2CA669006EC051 /* LaunchScreen.storyboard */ = {
			isa = PBXVariantGroup;
			children = (
				751A30F11F2CA669006EC051 /* Base */,
			);
			name = LaunchScreen.storyboard;
			sourceTree = "<group>";
		};
/* End PBXVariantGroup section */

/* Begin XCBuildConfiguration section */
		751A30F41F2CA669006EC051 /* Debug */ = {
			isa = XCBuildConfiguration;
			buildSettings = {
				ALWAYS_SEARCH_USER_PATHS = NO;
				CLANG_ANALYZER_NONNULL = YES;
				CLANG_ANALYZER_NUMBER_OBJECT_CONVERSION = YES_AGGRESSIVE;
				CLANG_CXX_LANGUAGE_STANDARD = "gnu++0x";
				CLANG_CXX_LIBRARY = "libc++";
				CLANG_ENABLE_MODULES = YES;
				CLANG_ENABLE_OBJC_ARC = YES;
				CLANG_WARN_BOOL_CONVERSION = YES;
				CLANG_WARN_CONSTANT_CONVERSION = YES;
				CLANG_WARN_DIRECT_OBJC_ISA_USAGE = YES_ERROR;
				CLANG_WARN_DOCUMENTATION_COMMENTS = YES;
				CLANG_WARN_EMPTY_BODY = YES;
				CLANG_WARN_ENUM_CONVERSION = YES;
				CLANG_WARN_INFINITE_RECURSION = YES;
				CLANG_WARN_INT_CONVERSION = YES;
				CLANG_WARN_OBJC_ROOT_CLASS = YES_ERROR;
				CLANG_WARN_SUSPICIOUS_MOVE = YES;
				CLANG_WARN_UNREACHABLE_CODE = YES;
				CLANG_WARN__DUPLICATE_METHOD_MATCH = YES;
				"CODE_SIGN_IDENTITY[sdk=iphoneos*]" = "iPhone Developer";
				COPY_PHASE_STRIP = NO;
				DEBUG_INFORMATION_FORMAT = dwarf;
				ENABLE_STRICT_OBJC_MSGSEND = YES;
				ENABLE_TESTABILITY = YES;
				GCC_C_LANGUAGE_STANDARD = gnu99;
				GCC_DYNAMIC_NO_PIC = NO;
				GCC_NO_COMMON_BLOCKS = YES;
				GCC_OPTIMIZATION_LEVEL = 0;
				GCC_PREPROCESSOR_DEFINITIONS = (
					"DEBUG=1",
					"$(inherited)",
				);
				GCC_WARN_64_TO_32_BIT_CONVERSION = YES;
				GCC_WARN_ABOUT_RETURN_TYPE = YES_ERROR;
				GCC_WARN_UNDECLARED_SELECTOR = YES;
				GCC_WARN_UNINITIALIZED_AUTOS = YES_AGGRESSIVE;
				GCC_WARN_UNUSED_FUNCTION = YES;
				GCC_WARN_UNUSED_VARIABLE = YES;
				IPHONEOS_DEPLOYMENT_TARGET = 10.3;
				MTL_ENABLE_DEBUG_INFO = YES;
				ONLY_ACTIVE_ARCH = YES;
				SDKROOT = iphoneos;
				TARGETED_DEVICE_FAMILY = "1,2";
			};
			name = Debug;
		};
		751A30F51F2CA669006EC051 /* Release */ = {
			isa = XCBuildConfiguration;
			buildSettings = {
				ALWAYS_SEARCH_USER_PATHS = NO;
				CLANG_ANALYZER_NONNULL = YES;
				CLANG_ANALYZER_NUMBER_OBJECT_CONVERSION = YES_AGGRESSIVE;
				CLANG_CXX_LANGUAGE_STANDARD = "gnu++0x";
				CLANG_CXX_LIBRARY = "libc++";
				CLANG_ENABLE_MODULES = YES;
				CLANG_ENABLE_OBJC_ARC = YES;
				CLANG_WARN_BOOL_CONVERSION = YES;
				CLANG_WARN_CONSTANT_CONVERSION = YES;
				CLANG_WARN_DIRECT_OBJC_ISA_USAGE = YES_ERROR;
				CLANG_WARN_DOCUMENTATION_COMMENTS = YES;
				CLANG_WARN_EMPTY_BODY = YES;
				CLANG_WARN_ENUM_CONVERSION = YES;
				CLANG_WARN_INFINITE_RECURSION = YES;
				CLANG_WARN_INT_CONVERSION = YES;
				CLANG_WARN_OBJC_ROOT_CLASS = YES_ERROR;
				CLANG_WARN_SUSPICIOUS_MOVE = YES;
				CLANG_WARN_UNREACHABLE_CODE = YES;
				CLANG_WARN__DUPLICATE_METHOD_MATCH = YES;
				"CODE_SIGN_IDENTITY[sdk=iphoneos*]" = "iPhone Developer";
				COPY_PHASE_STRIP = NO;
				DEBUG_INFORMATION_FORMAT = "dwarf-with-dsym";
				ENABLE_NS_ASSERTIONS = NO;
				ENABLE_STRICT_OBJC_MSGSEND = YES;
				GCC_C_LANGUAGE_STANDARD = gnu99;
				GCC_NO_COMMON_BLOCKS = YES;
				GCC_WARN_64_TO_32_BIT_CONVERSION = YES;
				GCC_WARN_ABOUT_RETURN_TYPE = YES_ERROR;
				GCC_WARN_UNDECLARED_SELECTOR = YES;
				GCC_WARN_UNINITIALIZED_AUTOS = YES_AGGRESSIVE;
				GCC_WARN_UNUSED_FUNCTION = YES;
				GCC_WARN_UNUSED_VARIABLE = YES;
				IPHONEOS_DEPLOYMENT_TARGET = 10.3;
				MTL_ENABLE_DEBUG_INFO = NO;
				SDKROOT = iphoneos;
				TARGETED_DEVICE_FAMILY = "1,2";
				VALIDATE_PRODUCT = YES;
			};
			name = Release;
		};
		751A30F71F2CA669006EC051 /* Debug */ = {
			isa = XCBuildConfiguration;
			buildSettings = {
				ASSETCATALOG_COMPILER_APPICON_NAME = AppIcon;
				CLANG_ENABLE_MODULES = YES;
				DEVELOPMENT_TEAM = AJ4LU8WZ2B;
				INFOPLIST_FILE = OBJCAndSwiftInteroperability/Info.plist;
				LD_RUNPATH_SEARCH_PATHS = "$(inherited) @executable_path/Frameworks";
				PRODUCT_BUNDLE_IDENTIFIER = com.hummatli.OBJCAndSwiftInteroperability;
				PRODUCT_NAME = "$(TARGET_NAME)";
				SWIFT_OBJC_BRIDGING_HEADER = "OBJCAndSwiftInteroperability/OBJCAndSwiftInteroperability-Bridging-Header.h";
				SWIFT_OPTIMIZATION_LEVEL = "-Onone";
				SWIFT_VERSION = 3.0;
			};
			name = Debug;
		};
		751A30F81F2CA669006EC051 /* Release */ = {
			isa = XCBuildConfiguration;
			buildSettings = {
				ASSETCATALOG_COMPILER_APPICON_NAME = AppIcon;
				CLANG_ENABLE_MODULES = YES;
				DEVELOPMENT_TEAM = AJ4LU8WZ2B;
				INFOPLIST_FILE = OBJCAndSwiftInteroperability/Info.plist;
				LD_RUNPATH_SEARCH_PATHS = "$(inherited) @executable_path/Frameworks";
				PRODUCT_BUNDLE_IDENTIFIER = com.hummatli.OBJCAndSwiftInteroperability;
				PRODUCT_NAME = "$(TARGET_NAME)";
				SWIFT_OBJC_BRIDGING_HEADER = "OBJCAndSwiftInteroperability/OBJCAndSwiftInteroperability-Bridging-Header.h";
				SWIFT_VERSION = 3.0;
			};
			name = Release;
		};
/* End XCBuildConfiguration section */

/* Begin XCConfigurationList section */
		751A30DA1F2CA669006EC051 /* Build configuration list for PBXProject "OBJCAndSwiftInteroperability" */ = {
			isa = XCConfigurationList;
			buildConfigurations = (
				751A30F41F2CA669006EC051 /* Debug */,
				751A30F51F2CA669006EC051 /* Release */,
			);
			defaultConfigurationIsVisible = 0;
			defaultConfigurationName = Release;
		};
		751A30F61F2CA669006EC051 /* Build configuration list for PBXNativeTarget "OBJCAndSwiftInteroperability" */ = {
			isa = XCConfigurationList;
			buildConfigurations = (
				751A30F71F2CA669006EC051 /* Debug */,
				751A30F81F2CA669006EC051 /* Release */,
			);
			defaultConfigurationIsVisible = 0;
		};
/* End XCConfigurationList section */
	};
	rootObject = 751A30D71F2CA669006EC051 /* Project object */;
}
