// !$*UTF8*$!
{
	archiveVersion = 1;
	classes = {
	};
	objectVersion = 46;
	objects = {

/* Begin PBXBuildFile section */
		75998FA21F2C607A0022511D /* main.m in Sources */ = {isa = PBXBuildFile; fileRef = 75998FA11F2C607A0022511D /* main.m */; };
		75998FA51F2C607A0022511D /* AppDelegate.m in Sources */ = {isa = PBXBuildFile; fileRef = 75998FA41F2C607A0022511D /* AppDelegate.m */; };
		75998FA81F2C607A0022511D /* ViewController.m in Sources */ = {isa = PBXBuildFile; fileRef = 75998FA71F2C607A0022511D /* ViewController.m */; };
		75998FAB1F2C607A0022511D /* Main.storyboard in Resources */ = {isa = PBXBuildFile; fileRef = 75998FA91F2C607A0022511D /* Main.storyboard */; };
		75998FAD1F2C607A0022511D /* Assets.xcassets in Resources */ = {isa = PBXBuildFile; fileRef = 75998FAC1F2C607A0022511D /* Assets.xcassets */; };
		75998FB01F2C607A0022511D /* LaunchScreen.storyboard in Resources */ = {isa = PBXBuildFile; fileRef = 75998FAE1F2C607A0022511D /* LaunchScreen.storyboard */; };
		75998FB91F2C60F70022511D /* Vehicle.m in Sources */ = {isa = PBXBuildFile; fileRef = 75998FB81F2C60F70022511D /* Vehicle.m */; };
		75998FBC1F2C61D90022511D /* Civic.m in Sources */ = {isa = PBXBuildFile; fileRef = 75998FBB1F2C61D90022511D /* Civic.m */; };
/* End PBXBuildFile section */

/* Begin PBXFileReference section */
		75998F9D1F2C607A0022511D /* OOP-OBJC.app */ = {isa = PBXFileReference; explicitFileType = wrapper.application; includeInIndex = 0; path = "OOP-OBJC.app"; sourceTree = BUILT_PRODUCTS_DIR; };
		75998FA11F2C607A0022511D /* main.m */ = {isa = PBXFileReference; lastKnownFileType = sourcecode.c.objc; path = main.m; sourceTree = "<group>"; };
		75998FA31F2C607A0022511D /* AppDelegate.h */ = {isa = PBXFileReference; lastKnownFileType = sourcecode.c.h; path = AppDelegate.h; sourceTree = "<group>"; };
		75998FA41F2C607A0022511D /* AppDelegate.m */ = {isa = PBXFileReference; lastKnownFileType = sourcecode.c.objc; path = AppDelegate.m; sourceTree = "<group>"; };
		75998FA61F2C607A0022511D /* ViewController.h */ = {isa = PBXFileReference; lastKnownFileType = sourcecode.c.h; path = ViewController.h; sourceTree = "<group>"; };
		75998FA71F2C607A0022511D /* ViewController.m */ = {isa = PBXFileReference; lastKnownFileType = sourcecode.c.objc; path = ViewController.m; sourceTree = "<group>"; };
		75998FAA1F2C607A0022511D /* Base */ = {isa = PBXFileReference; lastKnownFileType = file.storyboard; name = Base; path = Base.lproj/Main.storyboard; sourceTree = "<group>"; };
		75998FAC1F2C607A0022511D /* Assets.xcassets */ = {isa = PBXFileReference; lastKnownFileType = folder.assetcatalog; path = Assets.xcassets; sourceTree = "<group>"; };
		75998FAF1F2C607A0022511D /* Base */ = {isa = PBXFileReference; lastKnownFileType = file.storyboard; name = Base; path = Base.lproj/LaunchScreen.storyboard; sourceTree = "<group>"; };
		75998FB11F2C607A0022511D /* Info.plist */ = {isa = PBXFileReference; lastKnownFileType = text.plist.xml; path = Info.plist; sourceTree = "<group>"; };
		75998FB71F2C60F70022511D /* Vehicle.h */ = {isa = PBXFileReference; fileEncoding = 4; lastKnownFileType = sourcecode.c.h; path = Vehicle.h; sourceTree = "<group>"; };
		75998FB81F2C60F70022511D /* Vehicle.m */ = {isa = PBXFileReference; fileEncoding = 4; lastKnownFileType = sourcecode.c.objc; path = Vehicle.m; sourceTree = "<group>"; };
		75998FBA1F2C61D90022511D /* Civic.h */ = {isa = PBXFileReference; fileEncoding = 4; lastKnownFileType = sourcecode.c.h; path = Civic.h; sourceTree = "<group>"; };
		75998FBB1F2C61D90022511D /* Civic.m */ = {isa = PBXFileReference; fileEncoding = 4; lastKnownFileType = sourcecode.c.objc; path = Civic.m; sourceTree = "<group>"; };
/* End PBXFileReference section */

/* Begin PBXFrameworksBuildPhase section */
		75998F9A1F2C607A0022511D /* Frameworks */ = {
			isa = PBXFrameworksBuildPhase;
			buildActionMask = 2147483647;
			files = (
			);
			runOnlyForDeploymentPostprocessing = 0;
		};
/* End PBXFrameworksBuildPhase section */

/* Begin PBXGroup section */
		75998F941F2C607A0022511D = {
			isa = PBXGroup;
			children = (
				75998F9F1F2C607A0022511D /* OOP-OBJC */,
				75998F9E1F2C607A0022511D /* Products */,
			);
			sourceTree = "<group>";
		};
		75998F9E1F2C607A0022511D /* Products */ = {
			isa = PBXGroup;
			children = (
				75998F9D1F2C607A0022511D /* OOP-OBJC.app */,
			);
			name = Products;
			sourceTree = "<group>";
		};
		75998F9F1F2C607A0022511D /* OOP-OBJC */ = {
			isa = PBXGroup;
			children = (
				75998FA31F2C607A0022511D /* AppDelegate.h */,
				75998FA41F2C607A0022511D /* AppDelegate.m */,
				75998FA61F2C607A0022511D /* ViewController.h */,
				75998FA71F2C607A0022511D /* ViewController.m */,
				75998FA91F2C607A0022511D /* Main.storyboard */,
				75998FAC1F2C607A0022511D /* Assets.xcassets */,
				75998FAE1F2C607A0022511D /* LaunchScreen.storyboard */,
				75998FB11F2C607A0022511D /* Info.plist */,
				75998FA01F2C607A0022511D /* Supporting Files */,
				75998FB71F2C60F70022511D /* Vehicle.h */,
				75998FB81F2C60F70022511D /* Vehicle.m */,
				75998FBA1F2C61D90022511D /* Civic.h */,
				75998FBB1F2C61D90022511D /* Civic.m */,
			);
			path = "OOP-OBJC";
			sourceTree = "<group>";
		};
		75998FA01F2C607A0022511D /* Supporting Files */ = {
			isa = PBXGroup;
			children = (
				75998FA11F2C607A0022511D /* main.m */,
			);
			name = "Supporting Files";
			sourceTree = "<group>";
		};
/* End PBXGroup section */

/* Begin PBXNativeTarget section */
		75998F9C1F2C607A0022511D /* OOP-OBJC */ = {
			isa = PBXNativeTarget;
			buildConfigurationList = 75998FB41F2C607A0022511D /* Build configuration list for PBXNativeTarget "OOP-OBJC" */;
			buildPhases = (
				75998F991F2C607A0022511D /* Sources */,
				75998F9A1F2C607A0022511D /* Frameworks */,
				75998F9B1F2C607A0022511D /* Resources */,
			);
			buildRules = (
			);
			dependencies = (
			);
			name = "OOP-OBJC";
			productName = "OOP-OBJC";
			productReference = 75998F9D1F2C607A0022511D /* OOP-OBJC.app */;
			productType = "com.apple.product-type.application";
		};
/* End PBXNativeTarget section */

/* Begin PBXProject section */
		75998F951F2C607A0022511D /* Project object */ = {
			isa = PBXProject;
			attributes = {
				LastUpgradeCheck = 0830;
				ORGANIZATIONNAME = "Settar Hummetli";
				TargetAttributes = {
					75998F9C1F2C607A0022511D = {
						CreatedOnToolsVersion = 8.3.3;
						DevelopmentTeam = AJ4LU8WZ2B;
						ProvisioningStyle = Automatic;
					};
				};
			};
			buildConfigurationList = 75998F981F2C607A0022511D /* Build configuration list for PBXProject "OOP-OBJC" */;
			compatibilityVersion = "Xcode 3.2";
			developmentRegion = English;
			hasScannedForEncodings = 0;
			knownRegions = (
				en,
				Base,
			);
			mainGroup = 75998F941F2C607A0022511D;
			productRefGroup = 75998F9E1F2C607A0022511D /* Products */;
			projectDirPath = "";
			projectRoot = "";
			targets = (
				75998F9C1F2C607A0022511D /* OOP-OBJC */,
			);
		};
/* End PBXProject section */

/* Begin PBXResourcesBuildPhase section */
		75998F9B1F2C607A0022511D /* Resources */ = {
			isa = PBXResourcesBuildPhase;
			buildActionMask = 2147483647;
			files = (
				75998FB01F2C607A0022511D /* LaunchScreen.storyboard in Resources */,
				75998FAD1F2C607A0022511D /* Assets.xcassets in Resources */,
				75998FAB1F2C607A0022511D /* Main.storyboard in Resources */,
			);
			runOnlyForDeploymentPostprocessing = 0;
		};
/* End PBXResourcesBuildPhase section */

/* Begin PBXSourcesBuildPhase section */
		75998F991F2C607A0022511D /* Sources */ = {
			isa = PBXSourcesBuildPhase;
			buildActionMask = 2147483647;
			files = (
				75998FB91F2C60F70022511D /* Vehicle.m in Sources */,
				75998FA81F2C607A0022511D /* ViewController.m in Sources */,
				75998FBC1F2C61D90022511D /* Civic.m in Sources */,
				75998FA51F2C607A0022511D /* AppDelegate.m in Sources */,
				75998FA21F2C607A0022511D /* main.m in Sources */,
			);
			runOnlyForDeploymentPostprocessing = 0;
		};
/* End PBXSourcesBuildPhase section */

/* Begin PBXVariantGroup section */
		75998FA91F2C607A0022511D /* Main.storyboard */ = {
			isa = PBXVariantGroup;
			children = (
				75998FAA1F2C607A0022511D /* Base */,
			);
			name = Main.storyboard;
			sourceTree = "<group>";
		};
		75998FAE1F2C607A0022511D /* LaunchScreen.storyboard */ = {
			isa = PBXVariantGroup;
			children = (
				75998FAF1F2C607A0022511D /* Base */,
			);
			name = LaunchScreen.storyboard;
			sourceTree = "<group>";
		};
/* End PBXVariantGroup section */

/* Begin XCBuildConfiguration section */
		75998FB21F2C607A0022511D /* Debug */ = {
			isa = XCBuildConfiguration;
			buildSettings = {
				ALWAYS_SEARCH_USER_PATHS = NO;
				CLANG_ANALYZER_NONNULL = YES;
				CLANG_ANALYZER_NUMBER_OBJECT_CONVERSION = YES_AGGRESSIVE;
				CLANG_CXX_LANGUAGE_STANDARD = "gnu++0x";
				CLANG_CXX_LIBRARY = "libc++";
				CLANG_ENABLE_MODULES = YES;
				CLANG_ENABLE_OBJC_ARC = YES;
				CLANG_WARN_BOOL_CONVERSION = YES;
				CLANG_WARN_CONSTANT_CONVERSION = YES;
				CLANG_WARN_DIRECT_OBJC_ISA_USAGE = YES_ERROR;
				CLANG_WARN_DOCUMENTATION_COMMENTS = YES;
				CLANG_WARN_EMPTY_BODY = YES;
				CLANG_WARN_ENUM_CONVERSION = YES;
				CLANG_WARN_INFINITE_RECURSION = YES;
				CLANG_WARN_INT_CONVERSION = YES;
				CLANG_WARN_OBJC_ROOT_CLASS = YES_ERROR;
				CLANG_WARN_SUSPICIOUS_MOVE = YES;
				CLANG_WARN_UNREACHABLE_CODE = YES;
				CLANG_WARN__DUPLICATE_METHOD_MATCH = YES;
				"CODE_SIGN_IDENTITY[sdk=iphoneos*]" = "iPhone Developer";
				COPY_PHASE_STRIP = NO;
				DEBUG_INFORMATION_FORMAT = dwarf;
				ENABLE_STRICT_OBJC_MSGSEND = YES;
				ENABLE_TESTABILITY = YES;
				GCC_C_LANGUAGE_STANDARD = gnu99;
				GCC_DYNAMIC_NO_PIC = NO;
				GCC_NO_COMMON_BLOCKS = YES;
				GCC_OPTIMIZATION_LEVEL = 0;
				GCC_PREPROCESSOR_DEFINITIONS = (
					"DEBUG=1",
					"$(inherited)",
				);
				GCC_WARN_64_TO_32_BIT_CONVERSION = YES;
				GCC_WARN_ABOUT_RETURN_TYPE = YES_ERROR;
				GCC_WARN_UNDECLARED_SELECTOR = YES;
				GCC_WARN_UNINITIALIZED_AUTOS = YES_AGGRESSIVE;
				GCC_WARN_UNUSED_FUNCTION = YES;
				GCC_WARN_UNUSED_VARIABLE = YES;
				IPHONEOS_DEPLOYMENT_TARGET = 10.3;
				MTL_ENABLE_DEBUG_INFO = YES;
				ONLY_ACTIVE_ARCH = YES;
				SDKROOT = iphoneos;
				TARGETED_DEVICE_FAMILY = "1,2";
			};
			name = Debug;
		};
		75998FB31F2C607A0022511D /* Release */ = {
			isa = XCBuildConfiguration;
			buildSettings = {
				ALWAYS_SEARCH_USER_PATHS = NO;
				CLANG_ANALYZER_NONNULL = YES;
				CLANG_ANALYZER_NUMBER_OBJECT_CONVERSION = YES_AGGRESSIVE;
				CLANG_CXX_LANGUAGE_STANDARD = "gnu++0x";
				CLANG_CXX_LIBRARY = "libc++";
				CLANG_ENABLE_MODULES = YES;
				CLANG_ENABLE_OBJC_ARC = YES;
				CLANG_WARN_BOOL_CONVERSION = YES;
				CLANG_WARN_CONSTANT_CONVERSION = YES;
				CLANG_WARN_DIRECT_OBJC_ISA_USAGE = YES_ERROR;
				CLANG_WARN_DOCUMENTATION_COMMENTS = YES;
				CLANG_WARN_EMPTY_BODY = YES;
				CLANG_WARN_ENUM_CONVERSION = YES;
				CLANG_WARN_INFINITE_RECURSION = YES;
				CLANG_WARN_INT_CONVERSION = YES;
				CLANG_WARN_OBJC_ROOT_CLASS = YES_ERROR;
				CLANG_WARN_SUSPICIOUS_MOVE = YES;
				CLANG_WARN_UNREACHABLE_CODE = YES;
				CLANG_WARN__DUPLICATE_METHOD_MATCH = YES;
				"CODE_SIGN_IDENTITY[sdk=iphoneos*]" = "iPhone Developer";
				COPY_PHASE_STRIP = NO;
				DEBUG_INFORMATION_FORMAT = "dwarf-with-dsym";
				ENABLE_NS_ASSERTIONS = NO;
				ENABLE_STRICT_OBJC_MSGSEND = YES;
				GCC_C_LANGUAGE_STANDARD = gnu99;
				GCC_NO_COMMON_BLOCKS = YES;
				GCC_WARN_64_TO_32_BIT_CONVERSION = YES;
				GCC_WARN_ABOUT_RETURN_TYPE = YES_ERROR;
				GCC_WARN_UNDECLARED_SELECTOR = YES;
				GCC_WARN_UNINITIALIZED_AUTOS = YES_AGGRESSIVE;
				GCC_WARN_UNUSED_FUNCTION = YES;
				GCC_WARN_UNUSED_VARIABLE = YES;
				IPHONEOS_DEPLOYMENT_TARGET = 10.3;
				MTL_ENABLE_DEBUG_INFO = NO;
				SDKROOT = iphoneos;
				TARGETED_DEVICE_FAMILY = "1,2";
				VALIDATE_PRODUCT = YES;
			};
			name = Release;
		};
		75998FB51F2C607A0022511D /* Debug */ = {
			isa = XCBuildConfiguration;
			buildSettings = {
				ASSETCATALOG_COMPILER_APPICON_NAME = AppIcon;
				DEVELOPMENT_TEAM = AJ4LU8WZ2B;
				INFOPLIST_FILE = "OOP-OBJC/Info.plist";
				LD_RUNPATH_SEARCH_PATHS = "$(inherited) @executable_path/Frameworks";
				PRODUCT_BUNDLE_IDENTIFIER = "com.hummatli.OOP-OBJC";
				PRODUCT_NAME = "$(TARGET_NAME)";
			};
			name = Debug;
		};
		75998FB61F2C607A0022511D /* Release */ = {
			isa = XCBuildConfiguration;
			buildSettings = {
				ASSETCATALOG_COMPILER_APPICON_NAME = AppIcon;
				DEVELOPMENT_TEAM = AJ4LU8WZ2B;
				INFOPLIST_FILE = "OOP-OBJC/Info.plist";
				LD_RUNPATH_SEARCH_PATHS = "$(inherited) @executable_path/Frameworks";
				PRODUCT_BUNDLE_IDENTIFIER = "com.hummatli.OOP-OBJC";
				PRODUCT_NAME = "$(TARGET_NAME)";
			};
			name = Release;
		};
/* End XCBuildConfiguration section */

/* Begin XCConfigurationList section */
		75998F981F2C607A0022511D /* Build configuration list for PBXProject "OOP-OBJC" */ = {
			isa = XCConfigurationList;
			buildConfigurations = (
				75998FB21F2C607A0022511D /* Debug */,
				75998FB31F2C607A0022511D /* Release */,
			);
			defaultConfigurationIsVisible = 0;
			defaultConfigurationName = Release;
		};
		75998FB41F2C607A0022511D /* Build configuration list for PBXNativeTarget "OOP-OBJC" */ = {
			isa = XCConfigurationList;
			buildConfigurations = (
				75998FB51F2C607A0022511D /* Debug */,
				75998FB61F2C607A0022511D /* Release */,
			);
			defaultConfigurationIsVisible = 0;
		};
/* End XCConfigurationList section */
	};
	rootObject = 75998F951F2C607A0022511D /* Project object */;
}
